
Microsoft Visual Studio Solution File, Format Version 12.00
# Visual Studio Version 17
VisualStudioVersion = 17.9.34622.214
MinimumVisualStudioVersion = 10.0.40219.1
Project("{FAE04EC0-301F-11D3-BF4B-00C04F79EFBC}") = "laba1", "laba1\laba1.csproj", "{6778EFCE-440B-4B37-A684-89F89EB99BC6}"
EndProject
Global
	GlobalSection(SolutionConfigurationPlatforms) = preSolution
		Debug|Any CPU = Debug|Any CPU
		Release|Any CPU = Release|Any CPU
	EndGlobalSection
	GlobalSection(ProjectConfigurationPlatforms) = postSolution
		{6778EFCE-440B-4B37-A684-89F89EB99BC6}.Debug|Any CPU.ActiveCfg = Debug|Any CPU
		{6778EFCE-440B-4B37-A684-89F89EB99BC6}.Debug|Any CPU.Build.0 = Debug|Any CPU
		{6778EFCE-440B-4B37-A684-89F89EB99BC6}.Release|Any CPU.ActiveCfg = Release|Any CPU
		{6778EFCE-440B-4B37-A684-89F89EB99BC6}.Release|Any CPU.Build.0 = Release|Any CPU
	EndGlobalSection
	GlobalSection(SolutionProperties) = preSolution
		HideSolutionNode = FALSE
	EndGlobalSection
	GlobalSection(ExtensibilityGlobals) = postSolution
		SolutionGuid = {FE988793-2837-4486-8AA2-A3BF06EF2239}
	EndGlobalSection
EndGlobal
